
Microsoft Visual Studio Solution File, Format Version 12.00
# Visual Studio 2013
VisualStudioVersion = 12.0.40629.0
MinimumVisualStudioVersion = 10.0.40219.1
Project("{FAE04EC0-301F-11D3-BF4B-00C04F79EFBC}") = "L52aCONSOLE", "L52aCONSOLE\L52aCONSOLE.csproj", "{A919BFC7-2232-4096-9BBB-3CB9307F745A}"
EndProject
Project("{FAE04EC0-301F-11D3-BF4B-00C04F79EFBC}") = "Lang88a", "Lang88a\Lang88a.csproj", "{3A691F81-B6E3-4A05-AC6E-97823072F7AF}"
EndProject
Project("{FAE04EC0-301F-11D3-BF4B-00C04F79EFBC}") = "WindowsCars", "WindowsCars\WindowsCars.csproj", "{655E0282-6B36-420F-B6DA-F8CDDB4F4111}"
EndProject
Project("{FAE04EC0-301F-11D3-BF4B-00C04F79EFBC}") = "FavClubConsole", "FavClubConsole\FavClubConsole.csproj", "{2B44B8E0-927C-47B5-82E5-20A06AEFA207}"
EndProject
Project("{FAE04EC0-301F-11D3-BF4B-00C04F79EFBC}") = "YourName", "YourName\YourName.csproj", "{BE308CA8-0874-4385-ABA3-C255EA22D5B9}"
EndProject
Project("{FAE04EC0-301F-11D3-BF4B-00C04F79EFBC}") = "prog54cCircle", "prog54cCircle\prog54cCircle.csproj", "{668EAD94-16BE-48E3-A4B0-9BF41E9931EF}"
EndProject
Project("{FAE04EC0-301F-11D3-BF4B-00C04F79EFBC}") = "Lp4-5", "Lp4-5\Lp4-5.csproj", "{59F0C70A-C8B8-4660-8A26-BCB243F5101D}"
EndProject
Project("{FAE04EC0-301F-11D3-BF4B-00C04F79EFBC}") = "Lp4-1", "Lp4-1\Lp4-1.csproj", "{AFD16B04-5FFF-4B35-94E4-70E595FF2010}"
EndProject
Project("{FAE04EC0-301F-11D3-BF4B-00C04F79EFBC}") = "WindowsFormsApplication1", "WindowsFormsApplication1\WindowsFormsApplication1.csproj", "{4492B085-8CDD-419E-865C-1627AEBF74C3}"
EndProject
Project("{FAE04EC0-301F-11D3-BF4B-00C04F79EFBC}") = "prog54b", "prog54b\prog54b.csproj", "{8089B4CF-6CF6-4279-B5CB-CE1A0A71CEB1}"
EndProject
Project("{FAE04EC0-301F-11D3-BF4B-00C04F79EFBC}") = "54bconsole", "54bconsole\54bconsole.csproj", "{66208663-98B3-45EC-A01C-5FE4AC709DA5}"
EndProject
Project("{FAE04EC0-301F-11D3-BF4B-00C04F79EFBC}") = "prog85cform", "prog85cform\prog85cform.csproj", "{0419B228-0DE1-4F84-BB2D-B0C806D53F3E}"
EndProject
Project("{FAE04EC0-301F-11D3-BF4B-00C04F79EFBC}") = "Lp4-2", "Lp4-2\Lp4-2.csproj", "{09111863-6452-49DB-B3D6-E733C514E270}"
EndProject
Project("{FAE04EC0-301F-11D3-BF4B-00C04F79EFBC}") = "Lang122a", "Lang122a\Lang122a.csproj", "{DC704999-A86E-4A9C-BA75-BC145BDB30E4}"
EndProject
Project("{FAE04EC0-301F-11D3-BF4B-00C04F79EFBC}") = "LargeSmall266.pdf", "LargeSmall266.pdf\LargeSmall266.pdf.csproj", "{B2A63309-A53E-469A-96CD-A3AB8FC963C0}"
EndProject
Project("{FAE04EC0-301F-11D3-BF4B-00C04F79EFBC}") = "Lang310a", "Lang310a\Lang310a.csproj", "{62814A74-D19D-41DF-8354-916812C80910}"
EndProject
Project("{FAE04EC0-301F-11D3-BF4B-00C04F79EFBC}") = "CalcWithFunctions", "CalcWithFunctions\CalcWithFunctions.csproj", "{FA10E066-2A86-45C2-8BFD-1236FDEA5C17}"
EndProject
Project("{FAE04EC0-301F-11D3-BF4B-00C04F79EFBC}") = "pg273BookClubPoints", "pg273BookClubPoints\pg273BookClubPoints.csproj", "{0AB1CE18-5B7C-414B-A068-D742867692BD}"
EndProject
Project("{FAE04EC0-301F-11D3-BF4B-00C04F79EFBC}") = "Lang366b", "Lang366b\Lang366b.csproj", "{5EC7D16F-509F-4EFA-9FFB-B91293A4B6DC}"
EndProject
Project("{FAE04EC0-301F-11D3-BF4B-00C04F79EFBC}") = "Prog122b", "Prog122b\Prog122b.csproj", "{63FC16D3-A9CD-4F29-BC12-5869DBD766D0}"
EndProject
Project("{FAE04EC0-301F-11D3-BF4B-00C04F79EFBC}") = "program435Ticketsales", "program435Ticketsales\program435Ticketsales.csproj", "{DB2A4845-B850-4395-AE6D-C007574BFD48}"
EndProject
Project("{FAE04EC0-301F-11D3-BF4B-00C04F79EFBC}") = "pg498payroll", "pg498payroll\pg498payroll.csproj", "{D7DA8ED9-D144-4B01-AB8E-DA715F15A4A6}"
EndProject
Project("{FAE04EC0-301F-11D3-BF4B-00C04F79EFBC}") = "StrInterview7", "StrInterview7\StrInterview7.csproj", "{AAF22234-ECF8-47C2-B150-52570995F738}"
EndProject
Project("{FAE04EC0-301F-11D3-BF4B-00C04F79EFBC}") = "strInterview16", "strInterview16\strInterview16.csproj", "{DD06475C-48C0-4F2E-8F6B-90962DEC8F81}"
EndProject
Project("{FAE04EC0-301F-11D3-BF4B-00C04F79EFBC}") = "pg273massandweight", "pg273massandweight\pg273massandweight.csproj", "{1CED0A32-EB49-40BB-A4B4-5B86DA5DCBD4}"
EndProject
Project("{FAE04EC0-301F-11D3-BF4B-00C04F79EFBC}") = "Pg347Sum", "Pg347Sum\Pg347Sum.csproj", "{5BDB30DC-7CBE-46A8-8CDB-B78D0319CDC3}"
EndProject
Project("{FAE04EC0-301F-11D3-BF4B-00C04F79EFBC}") = "pg535CatchMe", "pg535CatchMe\pg535CatchMe.csproj", "{770C9580-82D2-4107-8E55-0D6F315FE263}"
EndProject
Global
	GlobalSection(SolutionConfigurationPlatforms) = preSolution
		Debug|Any CPU = Debug|Any CPU
		Release|Any CPU = Release|Any CPU
	EndGlobalSection
	GlobalSection(ProjectConfigurationPlatforms) = postSolution
		{A919BFC7-2232-4096-9BBB-3CB9307F745A}.Debug|Any CPU.ActiveCfg = Debug|Any CPU
		{A919BFC7-2232-4096-9BBB-3CB9307F745A}.Debug|Any CPU.Build.0 = Debug|Any CPU
		{A919BFC7-2232-4096-9BBB-3CB9307F745A}.Release|Any CPU.ActiveCfg = Release|Any CPU
		{A919BFC7-2232-4096-9BBB-3CB9307F745A}.Release|Any CPU.Build.0 = Release|Any CPU
		{3A691F81-B6E3-4A05-AC6E-97823072F7AF}.Debug|Any CPU.ActiveCfg = Debug|Any CPU
		{3A691F81-B6E3-4A05-AC6E-97823072F7AF}.Debug|Any CPU.Build.0 = Debug|Any CPU
		{3A691F81-B6E3-4A05-AC6E-97823072F7AF}.Release|Any CPU.ActiveCfg = Release|Any CPU
		{3A691F81-B6E3-4A05-AC6E-97823072F7AF}.Release|Any CPU.Build.0 = Release|Any CPU
		{655E0282-6B36-420F-B6DA-F8CDDB4F4111}.Debug|Any CPU.ActiveCfg = Debug|Any CPU
		{655E0282-6B36-420F-B6DA-F8CDDB4F4111}.Debug|Any CPU.Build.0 = Debug|Any CPU
		{655E0282-6B36-420F-B6DA-F8CDDB4F4111}.Release|Any CPU.ActiveCfg = Release|Any CPU
		{655E0282-6B36-420F-B6DA-F8CDDB4F4111}.Release|Any CPU.Build.0 = Release|Any CPU
		{2B44B8E0-927C-47B5-82E5-20A06AEFA207}.Debug|Any CPU.ActiveCfg = Debug|Any CPU
		{2B44B8E0-927C-47B5-82E5-20A06AEFA207}.Debug|Any CPU.Build.0 = Debug|Any CPU
		{2B44B8E0-927C-47B5-82E5-20A06AEFA207}.Release|Any CPU.ActiveCfg = Release|Any CPU
		{2B44B8E0-927C-47B5-82E5-20A06AEFA207}.Release|Any CPU.Build.0 = Release|Any CPU
		{BE308CA8-0874-4385-ABA3-C255EA22D5B9}.Debug|Any CPU.ActiveCfg = Debug|Any CPU
		{BE308CA8-0874-4385-ABA3-C255EA22D5B9}.Debug|Any CPU.Build.0 = Debug|Any CPU
		{BE308CA8-0874-4385-ABA3-C255EA22D5B9}.Release|Any CPU.ActiveCfg = Release|Any CPU
		{BE308CA8-0874-4385-ABA3-C255EA22D5B9}.Release|Any CPU.Build.0 = Release|Any CPU
		{668EAD94-16BE-48E3-A4B0-9BF41E9931EF}.Debug|Any CPU.ActiveCfg = Debug|Any CPU
		{668EAD94-16BE-48E3-A4B0-9BF41E9931EF}.Debug|Any CPU.Build.0 = Debug|Any CPU
		{668EAD94-16BE-48E3-A4B0-9BF41E9931EF}.Release|Any CPU.ActiveCfg = Release|Any CPU
		{668EAD94-16BE-48E3-A4B0-9BF41E9931EF}.Release|Any CPU.Build.0 = Release|Any CPU
		{59F0C70A-C8B8-4660-8A26-BCB243F5101D}.Debug|Any CPU.ActiveCfg = Debug|Any CPU
		{59F0C70A-C8B8-4660-8A26-BCB243F5101D}.Debug|Any CPU.Build.0 = Debug|Any CPU
		{59F0C70A-C8B8-4660-8A26-BCB243F5101D}.Release|Any CPU.ActiveCfg = Release|Any CPU
		{59F0C70A-C8B8-4660-8A26-BCB243F5101D}.Release|Any CPU.Build.0 = Release|Any CPU
		{AFD16B04-5FFF-4B35-94E4-70E595FF2010}.Debug|Any CPU.ActiveCfg = Debug|Any CPU
		{AFD16B04-5FFF-4B35-94E4-70E595FF2010}.Debug|Any CPU.Build.0 = Debug|Any CPU
		{AFD16B04-5FFF-4B35-94E4-70E595FF2010}.Release|Any CPU.ActiveCfg = Release|Any CPU
		{AFD16B04-5FFF-4B35-94E4-70E595FF2010}.Release|Any CPU.Build.0 = Release|Any CPU
		{4492B085-8CDD-419E-865C-1627AEBF74C3}.Debug|Any CPU.ActiveCfg = Debug|Any CPU
		{4492B085-8CDD-419E-865C-1627AEBF74C3}.Debug|Any CPU.Build.0 = Debug|Any CPU
		{4492B085-8CDD-419E-865C-1627AEBF74C3}.Release|Any CPU.ActiveCfg = Release|Any CPU
		{4492B085-8CDD-419E-865C-1627AEBF74C3}.Release|Any CPU.Build.0 = Release|Any CPU
		{8089B4CF-6CF6-4279-B5CB-CE1A0A71CEB1}.Debug|Any CPU.ActiveCfg = Debug|Any CPU
		{8089B4CF-6CF6-4279-B5CB-CE1A0A71CEB1}.Debug|Any CPU.Build.0 = Debug|Any CPU
		{8089B4CF-6CF6-4279-B5CB-CE1A0A71CEB1}.Release|Any CPU.ActiveCfg = Release|Any CPU
		{8089B4CF-6CF6-4279-B5CB-CE1A0A71CEB1}.Release|Any CPU.Build.0 = Release|Any CPU
		{66208663-98B3-45EC-A01C-5FE4AC709DA5}.Debug|Any CPU.ActiveCfg = Debug|Any CPU
		{66208663-98B3-45EC-A01C-5FE4AC709DA5}.Debug|Any CPU.Build.0 = Debug|Any CPU
		{66208663-98B3-45EC-A01C-5FE4AC709DA5}.Release|Any CPU.ActiveCfg = Release|Any CPU
		{66208663-98B3-45EC-A01C-5FE4AC709DA5}.Release|Any CPU.Build.0 = Release|Any CPU
		{0419B228-0DE1-4F84-BB2D-B0C806D53F3E}.Debug|Any CPU.ActiveCfg = Debug|Any CPU
		{0419B228-0DE1-4F84-BB2D-B0C806D53F3E}.Debug|Any CPU.Build.0 = Debug|Any CPU
		{0419B228-0DE1-4F84-BB2D-B0C806D53F3E}.Release|Any CPU.ActiveCfg = Release|Any CPU
		{0419B228-0DE1-4F84-BB2D-B0C806D53F3E}.Release|Any CPU.Build.0 = Release|Any CPU
		{09111863-6452-49DB-B3D6-E733C514E270}.Debug|Any CPU.ActiveCfg = Debug|Any CPU
		{09111863-6452-49DB-B3D6-E733C514E270}.Debug|Any CPU.Build.0 = Debug|Any CPU
		{09111863-6452-49DB-B3D6-E733C514E270}.Release|Any CPU.ActiveCfg = Release|Any CPU
		{09111863-6452-49DB-B3D6-E733C514E270}.Release|Any CPU.Build.0 = Release|Any CPU
		{DC704999-A86E-4A9C-BA75-BC145BDB30E4}.Debug|Any CPU.ActiveCfg = Debug|Any CPU
		{DC704999-A86E-4A9C-BA75-BC145BDB30E4}.Debug|Any CPU.Build.0 = Debug|Any CPU
		{DC704999-A86E-4A9C-BA75-BC145BDB30E4}.Release|Any CPU.ActiveCfg = Release|Any CPU
		{DC704999-A86E-4A9C-BA75-BC145BDB30E4}.Release|Any CPU.Build.0 = Release|Any CPU
		{B2A63309-A53E-469A-96CD-A3AB8FC963C0}.Debug|Any CPU.ActiveCfg = Debug|Any CPU
		{B2A63309-A53E-469A-96CD-A3AB8FC963C0}.Debug|Any CPU.Build.0 = Debug|Any CPU
		{B2A63309-A53E-469A-96CD-A3AB8FC963C0}.Release|Any CPU.ActiveCfg = Release|Any CPU
		{B2A63309-A53E-469A-96CD-A3AB8FC963C0}.Release|Any CPU.Build.0 = Release|Any CPU
		{62814A74-D19D-41DF-8354-916812C80910}.Debug|Any CPU.ActiveCfg = Debug|Any CPU
		{62814A74-D19D-41DF-8354-916812C80910}.Debug|Any CPU.Build.0 = Debug|Any CPU
		{62814A74-D19D-41DF-8354-916812C80910}.Release|Any CPU.ActiveCfg = Release|Any CPU
		{62814A74-D19D-41DF-8354-916812C80910}.Release|Any CPU.Build.0 = Release|Any CPU
		{FA10E066-2A86-45C2-8BFD-1236FDEA5C17}.Debug|Any CPU.ActiveCfg = Debug|Any CPU
		{FA10E066-2A86-45C2-8BFD-1236FDEA5C17}.Debug|Any CPU.Build.0 = Debug|Any CPU
		{FA10E066-2A86-45C2-8BFD-1236FDEA5C17}.Release|Any CPU.ActiveCfg = Release|Any CPU
		{FA10E066-2A86-45C2-8BFD-1236FDEA5C17}.Release|Any CPU.Build.0 = Release|Any CPU
		{0AB1CE18-5B7C-414B-A068-D742867692BD}.Debug|Any CPU.ActiveCfg = Debug|Any CPU
		{0AB1CE18-5B7C-414B-A068-D742867692BD}.Debug|Any CPU.Build.0 = Debug|Any CPU
		{0AB1CE18-5B7C-414B-A068-D742867692BD}.Release|Any CPU.ActiveCfg = Release|Any CPU
		{0AB1CE18-5B7C-414B-A068-D742867692BD}.Release|Any CPU.Build.0 = Release|Any CPU
		{5EC7D16F-509F-4EFA-9FFB-B91293A4B6DC}.Debug|Any CPU.ActiveCfg = Debug|Any CPU
		{5EC7D16F-509F-4EFA-9FFB-B91293A4B6DC}.Debug|Any CPU.Build.0 = Debug|Any CPU
		{5EC7D16F-509F-4EFA-9FFB-B91293A4B6DC}.Release|Any CPU.ActiveCfg = Release|Any CPU
		{5EC7D16F-509F-4EFA-9FFB-B91293A4B6DC}.Release|Any CPU.Build.0 = Release|Any CPU
		{63FC16D3-A9CD-4F29-BC12-5869DBD766D0}.Debug|Any CPU.ActiveCfg = Debug|Any CPU
		{63FC16D3-A9CD-4F29-BC12-5869DBD766D0}.Debug|Any CPU.Build.0 = Debug|Any CPU
		{63FC16D3-A9CD-4F29-BC12-5869DBD766D0}.Release|Any CPU.ActiveCfg = Release|Any CPU
		{63FC16D3-A9CD-4F29-BC12-5869DBD766D0}.Release|Any CPU.Build.0 = Release|Any CPU
		{DB2A4845-B850-4395-AE6D-C007574BFD48}.Debug|Any CPU.ActiveCfg = Debug|Any CPU
		{DB2A4845-B850-4395-AE6D-C007574BFD48}.Debug|Any CPU.Build.0 = Debug|Any CPU
		{DB2A4845-B850-4395-AE6D-C007574BFD48}.Release|Any CPU.ActiveCfg = Release|Any CPU
		{DB2A4845-B850-4395-AE6D-C007574BFD48}.Release|Any CPU.Build.0 = Release|Any CPU
		{D7DA8ED9-D144-4B01-AB8E-DA715F15A4A6}.Debug|Any CPU.ActiveCfg = Debug|Any CPU
		{D7DA8ED9-D144-4B01-AB8E-DA715F15A4A6}.Debug|Any CPU.Build.0 = Debug|Any CPU
		{D7DA8ED9-D144-4B01-AB8E-DA715F15A4A6}.Release|Any CPU.ActiveCfg = Release|Any CPU
		{D7DA8ED9-D144-4B01-AB8E-DA715F15A4A6}.Release|Any CPU.Build.0 = Release|Any CPU
		{AAF22234-ECF8-47C2-B150-52570995F738}.Debug|Any CPU.ActiveCfg = Debug|Any CPU
		{AAF22234-ECF8-47C2-B150-52570995F738}.Debug|Any CPU.Build.0 = Debug|Any CPU
		{AAF22234-ECF8-47C2-B150-52570995F738}.Release|Any CPU.ActiveCfg = Release|Any CPU
		{AAF22234-ECF8-47C2-B150-52570995F738}.Release|Any CPU.Build.0 = Release|Any CPU
		{DD06475C-48C0-4F2E-8F6B-90962DEC8F81}.Debug|Any CPU.ActiveCfg = Debug|Any CPU
		{DD06475C-48C0-4F2E-8F6B-90962DEC8F81}.Debug|Any CPU.Build.0 = Debug|Any CPU
		{DD06475C-48C0-4F2E-8F6B-90962DEC8F81}.Release|Any CPU.ActiveCfg = Release|Any CPU
		{DD06475C-48C0-4F2E-8F6B-90962DEC8F81}.Release|Any CPU.Build.0 = Release|Any CPU
		{1CED0A32-EB49-40BB-A4B4-5B86DA5DCBD4}.Debug|Any CPU.ActiveCfg = Debug|Any CPU
		{1CED0A32-EB49-40BB-A4B4-5B86DA5DCBD4}.Debug|Any CPU.Build.0 = Debug|Any CPU
		{1CED0A32-EB49-40BB-A4B4-5B86DA5DCBD4}.Release|Any CPU.ActiveCfg = Release|Any CPU
		{1CED0A32-EB49-40BB-A4B4-5B86DA5DCBD4}.Release|Any CPU.Build.0 = Release|Any CPU
		{5BDB30DC-7CBE-46A8-8CDB-B78D0319CDC3}.Debug|Any CPU.ActiveCfg = Debug|Any CPU
		{5BDB30DC-7CBE-46A8-8CDB-B78D0319CDC3}.Debug|Any CPU.Build.0 = Debug|Any CPU
		{5BDB30DC-7CBE-46A8-8CDB-B78D0319CDC3}.Release|Any CPU.ActiveCfg = Release|Any CPU
		{5BDB30DC-7CBE-46A8-8CDB-B78D0319CDC3}.Release|Any CPU.Build.0 = Release|Any CPU
		{770C9580-82D2-4107-8E55-0D6F315FE263}.Debug|Any CPU.ActiveCfg = Debug|Any CPU
		{770C9580-82D2-4107-8E55-0D6F315FE263}.Debug|Any CPU.Build.0 = Debug|Any CPU
		{770C9580-82D2-4107-8E55-0D6F315FE263}.Release|Any CPU.ActiveCfg = Release|Any CPU
		{770C9580-82D2-4107-8E55-0D6F315FE263}.Release|Any CPU.Build.0 = Release|Any CPU
	EndGlobalSection
	GlobalSection(SolutionProperties) = preSolution
		HideSolutionNode = FALSE
	EndGlobalSection
EndGlobal
